PODS:
  - ActionSheetPicker-3.0 (2.0.4)
  - AFNetworking (3.0.4):
    - AFNetworking/NSURLSession (= 3.0.4)
    - AFNetworking/Reachability (= 3.0.4)
    - AFNetworking/Security (= 3.0.4)
    - AFNetworking/Serialization (= 3.0.4)
    - AFNetworking/UIKit (= 3.0.4)
  - AFNetworking/NSURLSession (3.0.4):
    - AFNetworking/Reachability
    - AFNetworking/Security
    - AFNetworking/Serialization
  - AFNetworking/Reachability (3.0.4)
  - AFNetworking/Security (3.0.4)
  - AFNetworking/Serialization (3.0.4)
  - AFNetworking/UIKit (3.0.4):
    - AFNetworking/NSURLSession
  - CVCalendar (1.2.8)
  - HCSStarRatingView (1.4.4)
  - Locksmith (2.0.5)
  - R.swift (1.3.0):
    - R.swift.Library (~> 1.1.0)
  - R.swift.Library (1.1.0)
  - Realm (0.97.1):
    - Realm/Headers (= 0.97.1)
  - Realm/Headers (0.97.1)
  - RealmSwift (0.97.1):
    - Realm (= 0.97.1)
  - SCRecorder (2.6.1)
  - SnapKit (0.15.0)
  - SwiftyJSON (2.3.2)
  - Toucan (0.5.0)
  - TTTAttributedLabel (1.13.4)

DEPENDENCIES:
  - ActionSheetPicker-3.0 (~> 2.0.4)
  - AFNetworking (~> 3.0.4)
  - CVCalendar (~> 1.2.8)
  - HCSStarRatingView (from `https://github.com/reigndesign/HCSStarRatingView.git`,
    commit `009f3ba401a`)
  - Locksmith (~> 2.0.5)
  - R.swift (~> 1.3.0)
  - RealmSwift (~> 0.97.0)
  - SCRecorder (~> 2.6.1)
  - SnapKit (~> 0.15.0)
  - SwiftyJSON (~> 2.3.2)
  - Toucan (~> 0.5.0)
  - TTTAttributedLabel (~> 1.13)

EXTERNAL SOURCES:
  HCSStarRatingView:
    :commit: 009f3ba401a
    :git: https://github.com/reigndesign/HCSStarRatingView.git

CHECKOUT OPTIONS:
  HCSStarRatingView:
    :commit: 009f3ba401a
    :git: https://github.com/reigndesign/HCSStarRatingView.git

SPEC CHECKSUMS:
  ActionSheetPicker-3.0: 860466cb4a66854e6acb590071ecee404b48f49d
  AFNetworking: a0075feb321559dc78d9d85b55d11caa19eabb93
  CVCalendar: b7eda65b57b7ca6efae7c3d123a163882b3a3595
  HCSStarRatingView: 5b45bf89fb13b99b3bf25182cae3fb9c0f9a97e5
  Locksmith: 6b527f58b7223e469a4b30d42d65ec9fcbf28c97
  R.swift: 43f8a833dd8cbb4a19908cbfd37fb982e9147899
  R.swift.Library: 775f3086e07313ed1a1dfddca8418317f5a87397
  Realm: 6854f49cc788171573a0605fe5e55d3224bc39f9
  RealmSwift: 21aa38ae5210a8e7d3ca2fd02a0ce82476672101
  SCRecorder: ef11bc34094c43201cc7c94fa9aeb5266e5b9cf7
  SnapKit: 4962eed2ee18e48cbd2b2292fffc57efe7235f87
  SwiftyJSON: 04ccea08915aa0109039157c7974cf0298da292a
  Toucan: 0519c341148252ae114c5a657d2a85bb9ada9e40
  TTTAttributedLabel: 0a2ac7b2dd726d32a070dafb01446026b11e624f

COCOAPODS: 0.39.0
